{
  "version": 4,
  "terraform_version": "1.2.1",
  "serial": 14,
  "lineage": "37d98207-e458-ebe0-330d-21706678b444",
  "outputs": {
    "kubernetes_cluster_host": {
      "value": "34.124.164.255",
      "type": "string"
    },
    "kubernetes_cluster_name": {
      "value": "serantau-gke",
      "type": "string"
    },
    "project_id": {
      "value": "serantau",
      "type": "string"
    },
    "region": {
      "value": "asia-southeast1",
      "type": "string"
    }
  },
  "resources": [
    {
      "mode": "managed",
      "type": "google_container_cluster",
      "name": "primary",
      "provider": "provider[\"registry.terraform.io/hashicorp/google\"]",
      "instances": [
        {
          "schema_version": 1,
          "attributes": {
            "addons_config": [
              {
                "cloudrun_config": [],
                "gcp_filestore_csi_driver_config": [],
                "horizontal_pod_autoscaling": [],
                "http_load_balancing": [],
                "network_policy_config": [
                  {
                    "disabled": true
                  }
                ]
              }
            ],
            "authenticator_groups_config": [],
            "cluster_autoscaling": [
              {
                "auto_provisioning_defaults": [],
                "enabled": false,
                "resource_limits": []
              }
            ],
            "cluster_ipv4_cidr": "10.0.0.0/14",
            "confidential_nodes": [],
            "database_encryption": [
              {
                "key_name": "",
                "state": "DECRYPTED"
              }
            ],
            "datapath_provider": "",
            "default_max_pods_per_node": null,
            "default_snat_status": [
              {
                "disabled": false
              }
            ],
            "description": "",
            "dns_config": [],
            "enable_autopilot": false,
            "enable_binary_authorization": false,
            "enable_intranode_visibility": false,
            "enable_kubernetes_alpha": false,
            "enable_legacy_abac": false,
            "enable_shielded_nodes": true,
            "enable_tpu": false,
            "endpoint": "34.124.164.255",
            "id": "projects/serantau/locations/asia-southeast1/clusters/serantau-gke",
            "initial_node_count": 1,
            "ip_allocation_policy": [],
            "label_fingerprint": "a9dc16a7",
            "location": "asia-southeast1",
            "logging_config": [
              {
                "enable_components": [
                  "SYSTEM_COMPONENTS",
                  "WORKLOADS"
                ]
              }
            ],
            "logging_service": "logging.googleapis.com/kubernetes",
            "maintenance_policy": [],
            "master_auth": [
              {
                "client_certificate": "",
                "client_certificate_config": [
                  {
                    "issue_client_certificate": false
                  }
                ],
                "client_key": "",
                "cluster_ca_certificate": "LS0tLS1CRUdJTiBDRVJUSUZJQ0FURS0tLS0tCk1JSUVMVENDQXBXZ0F3SUJBZ0lSQU96cUhTdjljWHZGNW9OUThaano0Zzh3RFFZSktvWklodmNOQVFFTEJRQXcKTHpFdE1Dc0dBMVVFQXhNa09EazBOek5sTWpNdE9UY3laaTAwT0daaUxXSXdNRFV0WTJVeE4yRXpOV001TWpBMApNQ0FYRFRJeU1EVXlOakF4TkRBd09Wb1lEekl3TlRJd05URTRNREkwTURBNVdqQXZNUzB3S3dZRFZRUURFeVE0Ck9UUTNNMlV5TXkwNU56Sm1MVFE0Wm1JdFlqQXdOUzFqWlRFM1lUTTFZemt5TURRd2dnR2lNQTBHQ1NxR1NJYjMKRFFFQkFRVUFBNElCandBd2dnR0tBb0lCZ1FDODFJaVNjUUxoZ0NvenVpbHhNVEFwSFVTb0JISHd0UFptS2FPegpJcTR0WW9PZkJZM1dNbXhCaUl5TUxEcGE0Uit1a2orWlpxU3YxbWZ3Z3g0bExsa1JoSHlQQzZOQkhwdEl0amRiClF1K3N3TWhyVVc1WE5TdWQ1UjlKTHBidFRUVkRvWWhDZDdHM0ZtbFVlRjA4K2JZUFl2QUw2V1FDbWZlTzFSRDUKajc3anVYdW5KTEFJV3E5VjNOd0hSODJuTTNiekR6bzZobHdaZHMxOWFwclpRTzJLUEM3QzhLQmpkTFVMSzZoUQpJYlZpeDN2Z0pvQkZxcDBRWHRDUEpFZTdOMVRZbXA0MjdHTTc2cE1xTnlUajFObnBDbXRUbTA1RDlxOWNSNW0yCmVNVU9ENXAxS0JuNEQ1dHJPaWVuRHJacGFzaVZzNUtJTDNHdVhUL1VWSzM1WlRRSm45YVhuNnFmSWU5OXl5WTcKcHNHT0Y4VTd1TFllQkdML1FZdmhiVTMvaTBmS0pvUEFsNUY3UEpBSWtIcnlGYlRpeUt5OE1VbG1lbEJwK1hodwpBMGhsbW42THhFVHlpSnhOSmxlNXY2V21OcHZTcm5xcDJVSTFZZkNiT1FSYkI4dFhXRWRKMDVsS00xcHlJWDVzCko1K1E3czBpS3h0RDl2eW9OUGlaSGh1WVlQVUNBd0VBQWFOQ01FQXdEZ1lEVlIwUEFRSC9CQVFEQWdJRU1BOEcKQTFVZEV3RUIvd1FGTUFNQkFmOHdIUVlEVlIwT0JCWUVGR2pNT3VoV0pIRjdaTU05TVI3RWJmbmhnYWlNTUEwRwpDU3FHU0liM0RRRUJDd1VBQTRJQmdRQmNFSjlyM25wditNRVBqZjhKamFhYkw2cEVad3NLWW9ZZFpCOWhmakRTCmQ2L25aZjZhTzBWWnAzREFWWkdUKzJSRnF0UkJ2dDVaUmJ1Tzl1b041VVV6RjFUbVhGdXdwWFM1T29tQTNYMzIKdmlRcFYybXFBM3JSUEthaDR6ZXpCbUhzeXZhUGdqYUgwcVAyK2ZYQzI0L1A0d2wvRmdDNFJYUXZCeG8wQUF2awpQem5ZWmRxcmlRQWpvMUVsTlpQUW5BSEpmREowZFZCQzFZSnJVRHdiNkVtWFRwNWl4Z2lTaFgrRHpXR0JqRzRnCjFqM0s4dkEyRGR0SGFpYW1HV3VqbVFLS216SWFUaEFhQXlXUjNHQVA1UFQ1UGN3R3VPNXVZQzdrYzlTT1VBa3QKL2JRekxoZVo0ZlIwcU90RHRsbkN4NTZkT2h6bmZRYno5TmtOM29FVlhZamlkQW5ac1V3dFY3TDJPa1VxQ0dQKwozYnVBS2c1Y0Rwekc2MFNvU0o4S0M1OTliS252cW1PZkQ5bG40NURzYXdlWWJXeGE2RTE4aUw3a09qNnRWV2lsCnhrMEdMTExqdDhSVndISUYwWTdvR2VleE80alFuWEpWb1liZmpYUVhZbHF0UlRoOFc3RC9KcU5oVElpT0dHR1oKRGM5Q2xaQldFSGRvQkZyNWRuQkM1N0E9Ci0tLS0tRU5EIENFUlRJRklDQVRFLS0tLS0K"
              }
            ],
            "master_authorized_networks_config": [],
            "master_version": "1.21.11-gke.1100",
            "min_master_version": null,
            "monitoring_config": [
              {
                "enable_components": [
                  "SYSTEM_COMPONENTS"
                ]
              }
            ],
            "monitoring_service": "monitoring.googleapis.com/kubernetes",
            "name": "serantau-gke",
            "network": "projects/serantau/global/networks/default",
            "network_policy": [
              {
                "enabled": false,
                "provider": "PROVIDER_UNSPECIFIED"
              }
            ],
            "networking_mode": "ROUTES",
            "node_config": [],
            "node_locations": [
              "asia-southeast1-a",
              "asia-southeast1-b",
              "asia-southeast1-c"
            ],
            "node_pool": [],
            "node_version": "1.21.11-gke.1100",
            "operation": null,
            "private_cluster_config": [],
            "private_ipv6_google_access": "",
            "project": "serantau",
            "release_channel": [
              {
                "channel": "REGULAR"
              }
            ],
            "remove_default_node_pool": true,
            "resource_labels": null,
            "resource_usage_export_config": [],
            "self_link": "https://container.googleapis.com/v1/projects/serantau/locations/asia-southeast1/clusters/serantau-gke",
            "services_ipv4_cidr": "10.3.240.0/20",
            "subnetwork": "projects/serantau/regions/asia-southeast1/subnetworks/default",
            "timeouts": null,
            "tpu_ipv4_cidr_block": "",
            "vertical_pod_autoscaling": [],
            "workload_identity_config": []
          },
          "sensitive_attributes": [],
          "private": "eyJlMmJmYjczMC1lY2FhLTExZTYtOGY4OC0zNDM2M2JjN2M0YzAiOnsiY3JlYXRlIjoyNDAwMDAwMDAwMDAwLCJkZWxldGUiOjI0MDAwMDAwMDAwMDAsInJlYWQiOjI0MDAwMDAwMDAwMDAsInVwZGF0ZSI6MzYwMDAwMDAwMDAwMH0sInNjaGVtYV92ZXJzaW9uIjoiMSJ9"
        }
      ]
    },
    {
      "mode": "managed",
      "type": "google_container_node_pool",
      "name": "primary_nodes",
      "provider": "provider[\"registry.terraform.io/hashicorp/google\"]",
      "instances": [
        {
          "schema_version": 1,
          "attributes": {
            "autoscaling": [],
            "cluster": "serantau-gke",
            "id": "projects/serantau/locations/asia-southeast1/clusters/serantau-gke/nodePools/serantau-gke-node-pool",
            "initial_node_count": 2,
            "instance_group_urls": [
              "https://www.googleapis.com/compute/v1/projects/serantau/zones/asia-southeast1-c/instanceGroupManagers/gke-serantau-gke-serantau-gke-node-po-550376f8-grp",
              "https://www.googleapis.com/compute/v1/projects/serantau/zones/asia-southeast1-a/instanceGroupManagers/gke-serantau-gke-serantau-gke-node-po-d8141298-grp",
              "https://www.googleapis.com/compute/v1/projects/serantau/zones/asia-southeast1-b/instanceGroupManagers/gke-serantau-gke-serantau-gke-node-po-0b60907e-grp"
            ],
            "location": "asia-southeast1",
            "managed_instance_group_urls": [
              "https://www.googleapis.com/compute/v1/projects/serantau/zones/asia-southeast1-c/instanceGroups/gke-serantau-gke-serantau-gke-node-po-550376f8-grp",
              "https://www.googleapis.com/compute/v1/projects/serantau/zones/asia-southeast1-a/instanceGroups/gke-serantau-gke-serantau-gke-node-po-d8141298-grp",
              "https://www.googleapis.com/compute/v1/projects/serantau/zones/asia-southeast1-b/instanceGroups/gke-serantau-gke-serantau-gke-node-po-0b60907e-grp"
            ],
            "management": [
              {
                "auto_repair": true,
                "auto_upgrade": true
              }
            ],
            "max_pods_per_node": null,
            "name": "serantau-gke-node-pool",
            "name_prefix": "",
            "node_config": [
              {
                "boot_disk_kms_key": "",
                "disk_size_gb": 100,
                "disk_type": "pd-standard",
                "gcfs_config": [],
                "guest_accelerator": [],
                "gvnic": [],
                "image_type": "COS_CONTAINERD",
                "labels": {
                  "env": "serantau"
                },
                "local_ssd_count": 0,
                "machine_type": "e2-micro",
                "metadata": {
                  "disable-legacy-endpoints": "true"
                },
                "min_cpu_platform": "",
                "node_group": "",
                "oauth_scopes": [
                  "https://www.googleapis.com/auth/logging.write",
                  "https://www.googleapis.com/auth/monitoring"
                ],
                "preemptible": false,
                "service_account": "default",
                "shielded_instance_config": [
                  {
                    "enable_integrity_monitoring": true,
                    "enable_secure_boot": false
                  }
                ],
                "tags": [
                  "gke-node",
                  "serantau-gke"
                ],
                "taint": [],
                "workload_metadata_config": []
              }
            ],
            "node_count": 2,
            "node_locations": [
              "asia-southeast1-a",
              "asia-southeast1-b",
              "asia-southeast1-c"
            ],
            "operation": null,
            "project": "serantau",
            "timeouts": null,
            "upgrade_settings": [
              {
                "max_surge": 1,
                "max_unavailable": 0
              }
            ],
            "version": "1.21.11-gke.1100"
          },
          "sensitive_attributes": [],
          "private": "eyJlMmJmYjczMC1lY2FhLTExZTYtOGY4OC0zNDM2M2JjN2M0YzAiOnsiY3JlYXRlIjoxODAwMDAwMDAwMDAwLCJkZWxldGUiOjE4MDAwMDAwMDAwMDAsInVwZGF0ZSI6MTgwMDAwMDAwMDAwMH0sInNjaGVtYV92ZXJzaW9uIjoiMSJ9",
          "dependencies": [
            "google_container_cluster.primary"
          ]
        }
      ]
    }
  ]
}
