{
  "version": 4,
  "terraform_version": "1.2.1",
  "serial": 12,
  "lineage": "7f00634f-0b37-79c8-fbef-7e489558b442",
  "outputs": {
    "db": {
      "value": "https://sqladmin.googleapis.com/sql/v1beta4/projects/serantau/instances/serantau-postgres-fe0e/databases/serantau",
      "type": "string"
    },
    "db_name": {
      "value": "serantau",
      "type": "string"
    },
    "master_ca_cert": {
      "value": "-----BEGIN CERTIFICATE-----\nMIIDfzCCAmegAwIBAgIBADANBgkqhkiG9w0BAQsFADB3MS0wKwYDVQQuEyRiYTk4\nOGE0NS00NTdhLTQwMDItODdhZC04NzlmNGIzMjA1YTMxIzAhBgNVBAMTGkdvb2ds\nZSBDbG91ZCBTUUwgU2VydmVyIENBMRQwEgYDVQQKEwtHb29nbGUsIEluYzELMAkG\nA1UEBhMCVVMwHhcNMjIwNTI1MTYwMjA3WhcNMzIwNTIyMTYwMzA3WjB3MS0wKwYD\nVQQuEyRiYTk4OGE0NS00NTdhLTQwMDItODdhZC04NzlmNGIzMjA1YTMxIzAhBgNV\nBAMTGkdvb2dsZSBDbG91ZCBTUUwgU2VydmVyIENBMRQwEgYDVQQKEwtHb29nbGUs\nIEluYzELMAkGA1UEBhMCVVMwggEiMA0GCSqGSIb3DQEBAQUAA4IBDwAwggEKAoIB\nAQCUlP12oUrh8lz3IeKBDIWboMXUlVaMZUw1xUANMj2ViJRE8VO1d+d3ocK1REWc\nhd10ponaHPKwVJIVtwxhcaP4Pa9M3Ox6u8P5KZZBUGaXjlVm36Bg5YDlnAX0S6e3\nQsCFQaW2wU4kWmg9m6q1D1iEYygaYDuHk1p1w9ZxfO2XN+N304TWUuh+HqpoRu9G\nyLdNjPcFjktwD2qL41mjWyT5X2eW/DhGmNfTZalfMAx6L5RT5kvv3Gxck7GqKfGK\n9bSsS6+YoCkcYr3tfQK032IXFn1CyMZfkOxzo25Timi0YZtetfruMlckCLXYF3+V\np0eNGRLvV6udvrT1a+YhbfKJAgMBAAGjFjAUMBIGA1UdEwEB/wQIMAYBAf8CAQAw\nDQYJKoZIhvcNAQELBQADggEBAApONxOLktZ+1p/KIJc6BXKRjtVbXqA+wZFpFvEO\n0e8iIjuZl6jpvzItakffvulxD8tMdgBC5k1HyyTTrdvViuV8mRES/tay9w7SGell\nigg8HbpQqU7PKjwfvyWDyjxAnH67SBXnwzTOJ+NwsjRw2RvVq5PhcFDY0SlEjFuS\nA9YkMVux/xz7lI8JSp0D8X4bxIotEqpnhTjjrOavQGd/3LMzuxoA/4nYN3uFuoKg\nytRIeYAQA2y5jscLCRUqmti3GbVIUd5/DxXvxd9iXBLrMngqxWkPgIk/u+4UyK0F\nrvkdMM4LXetSKMiAba/FEOWzrcCVhWuaOgXE2hEJJyyAPdI=\n-----END CERTIFICATE-----",
      "type": "string"
    },
    "master_instance": {
      "value": "https://sqladmin.googleapis.com/sql/v1beta4/projects/serantau/instances/serantau-postgres-fe0e",
      "type": "string"
    },
    "master_instance_name": {
      "value": "serantau-postgres-fe0e",
      "type": "string"
    },
    "master_proxy_connection": {
      "value": "serantau:asia-southeast1:serantau-postgres-fe0e",
      "type": "string"
    },
    "master_public_ip": {
      "value": "35.240.162.20",
      "type": "string"
    },
    "password": {
      "value": [
        "SqGKguYA5XZ6_1rT"
      ],
      "type": [
        "tuple",
        [
          "string"
        ]
      ],
      "sensitive": true
    }
  },
  "resources": [
    {
      "mode": "managed",
      "type": "random_id",
      "name": "name",
      "provider": "provider[\"registry.terraform.io/hashicorp/random\"]",
      "instances": [
        {
          "schema_version": 0,
          "attributes": {
            "b64_std": "/g4=",
            "b64_url": "_g4",
            "byte_length": 2,
            "dec": "65038",
            "hex": "fe0e",
            "id": "_g4",
            "keepers": null,
            "prefix": null
          },
          "sensitive_attributes": [],
          "private": "bnVsbA=="
        }
      ]
    },
    {
      "mode": "managed",
      "type": "random_password",
      "name": "password",
      "provider": "provider[\"registry.terraform.io/hashicorp/random\"]",
      "instances": [
        {
          "schema_version": 1,
          "attributes": {
            "bcrypt_hash": "$2a$10$J7UYr7VhBSsxUyKa9WCF7eMv5Anb2Bbt3eIvmzkFMJbNxfgeYwFLu",
            "id": "none",
            "keepers": null,
            "length": 16,
            "lower": true,
            "min_lower": 0,
            "min_numeric": 0,
            "min_special": 0,
            "min_upper": 0,
            "number": true,
            "override_special": "_%@",
            "result": "SqGKguYA5XZ6_1rT",
            "special": true,
            "upper": true
          },
          "sensitive_attributes": [],
          "private": "eyJzY2hlbWFfdmVyc2lvbiI6IjEifQ=="
        }
      ]
    },
    {
      "module": "module.postgres",
      "mode": "data",
      "type": "template_file",
      "name": "complete",
      "provider": "provider[\"registry.terraform.io/hashicorp/template\"]",
      "instances": [
        {
          "schema_version": 0,
          "attributes": {
            "filename": null,
            "id": "b5bea41b6c623f7c09f1bf24dcae58ebab3c0cdd90ad966bc43a45b44867e12b",
            "rendered": "true",
            "template": "true",
            "vars": null
          },
          "sensitive_attributes": []
        }
      ]
    },
    {
      "module": "module.postgres",
      "mode": "managed",
      "type": "google_sql_database",
      "name": "default",
      "provider": "provider[\"registry.terraform.io/hashicorp/google\"]",
      "instances": [
        {
          "schema_version": 0,
          "attributes": {
            "charset": "UTF8",
            "collation": "en_US.UTF8",
            "id": "projects/serantau/instances/serantau-postgres-fe0e/databases/serantau",
            "instance": "serantau-postgres-fe0e",
            "name": "serantau",
            "project": "serantau",
            "self_link": "https://sqladmin.googleapis.com/sql/v1beta4/projects/serantau/instances/serantau-postgres-fe0e/databases/serantau",
            "timeouts": null
          },
          "sensitive_attributes": [],
          "private": "eyJlMmJmYjczMC1lY2FhLTExZTYtOGY4OC0zNDM2M2JjN2M0YzAiOnsiY3JlYXRlIjoxMjAwMDAwMDAwMDAwLCJkZWxldGUiOjEyMDAwMDAwMDAwMDAsInVwZGF0ZSI6MTIwMDAwMDAwMDAwMH19",
          "dependencies": [
            "module.postgres.google_sql_database_instance.master",
            "module.postgres.null_resource.dependency_getter",
            "random_id.name"
          ]
        }
      ]
    },
    {
      "module": "module.postgres",
      "mode": "managed",
      "type": "google_sql_database_instance",
      "name": "master",
      "provider": "provider[\"registry.terraform.io/hashicorp/google-beta\"]",
      "instances": [
        {
          "schema_version": 0,
          "attributes": {
            "clone": [],
            "connection_name": "serantau:asia-southeast1:serantau-postgres-fe0e",
            "database_version": "POSTGRES_13",
            "deletion_protection": false,
            "encryption_key_name": null,
            "first_ip_address": "35.240.162.20",
            "id": "serantau-postgres-fe0e",
            "ip_address": [
              {
                "ip_address": "35.240.162.20",
                "time_to_retire": "",
                "type": "PRIMARY"
              },
              {
                "ip_address": "35.240.136.10",
                "time_to_retire": "",
                "type": "OUTGOING"
              }
            ],
            "master_instance_name": "",
            "name": "serantau-postgres-fe0e",
            "private_ip_address": "",
            "project": "serantau",
            "public_ip_address": "35.240.162.20",
            "region": "asia-southeast1",
            "replica_configuration": [],
            "restore_backup_context": [],
            "root_password": null,
            "self_link": "https://sqladmin.googleapis.com/sql/v1beta4/projects/serantau/instances/serantau-postgres-fe0e",
            "server_ca_cert": [
              {
                "cert": "-----BEGIN CERTIFICATE-----\nMIIDfzCCAmegAwIBAgIBADANBgkqhkiG9w0BAQsFADB3MS0wKwYDVQQuEyRiYTk4\nOGE0NS00NTdhLTQwMDItODdhZC04NzlmNGIzMjA1YTMxIzAhBgNVBAMTGkdvb2ds\nZSBDbG91ZCBTUUwgU2VydmVyIENBMRQwEgYDVQQKEwtHb29nbGUsIEluYzELMAkG\nA1UEBhMCVVMwHhcNMjIwNTI1MTYwMjA3WhcNMzIwNTIyMTYwMzA3WjB3MS0wKwYD\nVQQuEyRiYTk4OGE0NS00NTdhLTQwMDItODdhZC04NzlmNGIzMjA1YTMxIzAhBgNV\nBAMTGkdvb2dsZSBDbG91ZCBTUUwgU2VydmVyIENBMRQwEgYDVQQKEwtHb29nbGUs\nIEluYzELMAkGA1UEBhMCVVMwggEiMA0GCSqGSIb3DQEBAQUAA4IBDwAwggEKAoIB\nAQCUlP12oUrh8lz3IeKBDIWboMXUlVaMZUw1xUANMj2ViJRE8VO1d+d3ocK1REWc\nhd10ponaHPKwVJIVtwxhcaP4Pa9M3Ox6u8P5KZZBUGaXjlVm36Bg5YDlnAX0S6e3\nQsCFQaW2wU4kWmg9m6q1D1iEYygaYDuHk1p1w9ZxfO2XN+N304TWUuh+HqpoRu9G\nyLdNjPcFjktwD2qL41mjWyT5X2eW/DhGmNfTZalfMAx6L5RT5kvv3Gxck7GqKfGK\n9bSsS6+YoCkcYr3tfQK032IXFn1CyMZfkOxzo25Timi0YZtetfruMlckCLXYF3+V\np0eNGRLvV6udvrT1a+YhbfKJAgMBAAGjFjAUMBIGA1UdEwEB/wQIMAYBAf8CAQAw\nDQYJKoZIhvcNAQELBQADggEBAApONxOLktZ+1p/KIJc6BXKRjtVbXqA+wZFpFvEO\n0e8iIjuZl6jpvzItakffvulxD8tMdgBC5k1HyyTTrdvViuV8mRES/tay9w7SGell\nigg8HbpQqU7PKjwfvyWDyjxAnH67SBXnwzTOJ+NwsjRw2RvVq5PhcFDY0SlEjFuS\nA9YkMVux/xz7lI8JSp0D8X4bxIotEqpnhTjjrOavQGd/3LMzuxoA/4nYN3uFuoKg\nytRIeYAQA2y5jscLCRUqmti3GbVIUd5/DxXvxd9iXBLrMngqxWkPgIk/u+4UyK0F\nrvkdMM4LXetSKMiAba/FEOWzrcCVhWuaOgXE2hEJJyyAPdI=\n-----END CERTIFICATE-----",
                "common_name": "C=US,O=Google\\, Inc,CN=Google Cloud SQL Server CA,dnQualifier=ba988a45-457a-4002-87ad-879f4b3205a3",
                "create_time": "2022-05-25T16:02:07.827Z",
                "expiration_time": "2032-05-22T16:03:07.827Z",
                "sha1_fingerprint": "fe7e5a90d533f3433bdfab74646ab49aa8d6a085"
              }
            ],
            "service_account_email_address": "p610368255494-vdq2pj@gcp-sa-cloud-sql.iam.gserviceaccount.com",
            "settings": [
              {
                "activation_policy": "ALWAYS",
                "active_directory_config": [],
                "availability_type": "ZONAL",
                "backup_configuration": [
                  {
                    "backup_retention_settings": [
                      {
                        "retained_backups": 7,
                        "retention_unit": "COUNT"
                      }
                    ],
                    "binary_log_enabled": false,
                    "enabled": true,
                    "location": "",
                    "point_in_time_recovery_enabled": false,
                    "start_time": "04:00",
                    "transaction_log_retention_days": 7
                  }
                ],
                "collation": "",
                "database_flags": [
                  {
                    "name": "autovacuum_naptime",
                    "value": "2"
                  }
                ],
                "disk_autoresize": true,
                "disk_autoresize_limit": 0,
                "disk_size": 10,
                "disk_type": "PD_SSD",
                "insights_config": [],
                "ip_configuration": [
                  {
                    "allocated_ip_range": "",
                    "authorized_networks": [
                      {
                        "expiration_time": "",
                        "name": "allow-all-inbound",
                        "value": "0.0.0.0/0"
                      }
                    ],
                    "ipv4_enabled": true,
                    "private_network": "",
                    "require_ssl": false
                  }
                ],
                "location_preference": [
                  {
                    "follow_gae_application": "",
                    "zone": "asia-southeast1-b"
                  }
                ],
                "maintenance_window": [
                  {
                    "day": 7,
                    "hour": 7,
                    "update_track": "stable"
                  }
                ],
                "pricing_plan": "PER_USE",
                "tier": "db-f1-micro",
                "user_labels": {
                  "test-id": "postgres-public-ip-example"
                },
                "version": 3
              }
            ],
            "timeouts": {
              "create": "60m",
              "delete": "60m",
              "update": "60m"
            }
          },
          "sensitive_attributes": [],
          "private": "eyJlMmJmYjczMC1lY2FhLTExZTYtOGY4OC0zNDM2M2JjN2M0YzAiOnsiY3JlYXRlIjozNjAwMDAwMDAwMDAwLCJkZWxldGUiOjM2MDAwMDAwMDAwMDAsInVwZGF0ZSI6MzYwMDAwMDAwMDAwMH19",
          "dependencies": [
            "module.postgres.null_resource.dependency_getter",
            "random_id.name"
          ]
        }
      ]
    },
    {
      "module": "module.postgres",
      "mode": "managed",
      "type": "google_sql_user",
      "name": "default",
      "provider": "provider[\"registry.terraform.io/hashicorp/google\"]",
      "instances": [
        {
          "schema_version": 1,
          "attributes": {
            "deletion_policy": null,
            "host": "",
            "id": "postgres//serantau-postgres-fe0e",
            "instance": "serantau-postgres-fe0e",
            "name": "postgres",
            "password": "SqGKguYA5XZ6_1rT",
            "project": "serantau",
            "timeouts": null,
            "type": ""
          },
          "sensitive_attributes": [
            [
              {
                "type": "get_attr",
                "value": "password"
              }
            ]
          ],
          "private": "eyJlMmJmYjczMC1lY2FhLTExZTYtOGY4OC0zNDM2M2JjN2M0YzAiOnsiY3JlYXRlIjo2MDAwMDAwMDAwMDAsImRlbGV0ZSI6NjAwMDAwMDAwMDAwLCJ1cGRhdGUiOjYwMDAwMDAwMDAwMH0sInNjaGVtYV92ZXJzaW9uIjoiMSJ9",
          "dependencies": [
            "module.postgres.google_sql_database.default",
            "module.postgres.google_sql_database_instance.master",
            "module.postgres.null_resource.dependency_getter",
            "random_id.name",
            "random_password.password"
          ]
        }
      ]
    },
    {
      "module": "module.postgres",
      "mode": "managed",
      "type": "null_resource",
      "name": "dependency_getter",
      "provider": "provider[\"registry.terraform.io/hashicorp/null\"]",
      "instances": [
        {
          "schema_version": 0,
          "attributes": {
            "id": "2364385738802316267",
            "triggers": null
          },
          "sensitive_attributes": [],
          "private": "bnVsbA=="
        }
      ]
    }
  ]
}
